
Microsoft Visual Studio Solution File, Format Version 12.00
# Visual Studio Version 17
VisualStudioVersion = 17.4.33213.308
MinimumVisualStudioVersion = 10.0.40219.1
Project("{9A19103F-16F7-4668-BE54-9A1E7A4F7556}") = "EdgeTicketSubmissionModule", "EdgeTicketSubmissionModule\EdgeTicketSubmissionModule.csproj", "{223052F0-E928-420F-9073-13D643939FD9}"
EndProject
Project("{2150E333-8FDC-42A3-9474-1A3956D46DE8}") = "Solution Items", "Solution Items", "{AFC5B604-8D54-4352-946E-4FBA3DB89889}"
	ProjectSection(SolutionItems) = preProject
		cosmos.bicep = cosmos.bicep
		cosmos2.bicep = cosmos2.bicep
		IoTHub2.bicep = IoTHub2.bicep
		LogAnalytics.bicep = LogAnalytics.bicep
		main.bicep = main.bicep
		IoTHub.bicep = IoTHub.bicep
		rbac.bicep = rbac.bicep
		storage.bicep = storage.bicep
	EndProjectSection
EndProject
Global
	GlobalSection(SolutionConfigurationPlatforms) = preSolution
		Debug|Any CPU = Debug|Any CPU
		Release|Any CPU = Release|Any CPU
	EndGlobalSection
	GlobalSection(ProjectConfigurationPlatforms) = postSolution
		{223052F0-E928-420F-9073-13D643939FD9}.Debug|Any CPU.ActiveCfg = Debug|Any CPU
		{223052F0-E928-420F-9073-13D643939FD9}.Debug|Any CPU.Build.0 = Debug|Any CPU
		{223052F0-E928-420F-9073-13D643939FD9}.Release|Any CPU.ActiveCfg = Release|Any CPU
		{223052F0-E928-420F-9073-13D643939FD9}.Release|Any CPU.Build.0 = Release|Any CPU
	EndGlobalSection
	GlobalSection(SolutionProperties) = preSolution
		HideSolutionNode = FALSE
	EndGlobalSection
	GlobalSection(ExtensibilityGlobals) = postSolution
		SolutionGuid = {097FC0A6-ED4D-4A74-9F48-983EF4D3DE68}
	EndGlobalSection
EndGlobal
